// !$*UTF8*$!
{
	archiveVersion = 1;
	classes = {
	};
	objectVersion = 48;
	objects = {

/* Begin PBXBuildFile section */
		DD117C071FC012B100D80AA4 /* AppDelegate.m in Sources */ = {isa = PBXBuildFile; fileRef = DD117C061FC012B100D80AA4 /* AppDelegate.m */; };
		DD117C0A1FC012B100D80AA4 /* ViewController.m in Sources */ = {isa = PBXBuildFile; fileRef = DD117C091FC012B100D80AA4 /* ViewController.m */; };
		DD117C0D1FC012B100D80AA4 /* Main.storyboard in Resources */ = {isa = PBXBuildFile; fileRef = DD117C0B1FC012B100D80AA4 /* Main.storyboard */; };
		DD117C0F1FC012B100D80AA4 /* Assets.xcassets in Resources */ = {isa = PBXBuildFile; fileRef = DD117C0E1FC012B100D80AA4 /* Assets.xcassets */; };
		DD117C121FC012B100D80AA4 /* LaunchScreen.storyboard in Resources */ = {isa = PBXBuildFile; fileRef = DD117C101FC012B100D80AA4 /* LaunchScreen.storyboard */; };
		DD117C151FC012B100D80AA4 /* main.m in Sources */ = {isa = PBXBuildFile; fileRef = DD117C141FC012B100D80AA4 /* main.m */; };
		DD117C1F1FC012B100D80AA4 /* testTests.m in Sources */ = {isa = PBXBuildFile; fileRef = DD117C1E1FC012B100D80AA4 /* testTests.m */; };
		DD117C2A1FC012B200D80AA4 /* testUITests.m in Sources */ = {isa = PBXBuildFile; fileRef = DD117C291FC012B100D80AA4 /* testUITests.m */; };
/* End PBXBuildFile section */

/* Begin PBXContainerItemProxy section */
		DD117C1B1FC012B100D80AA4 /* PBXContainerItemProxy */ = {
			isa = PBXContainerItemProxy;
			containerPortal = DD117BFA1FC012B100D80AA4 /* Project object */;
			proxyType = 1;
			remoteGlobalIDString = DD117C011FC012B100D80AA4;
			remoteInfo = test;
		};
		DD117C261FC012B100D80AA4 /* PBXContainerItemProxy */ = {
			isa = PBXContainerItemProxy;
			containerPortal = DD117BFA1FC012B100D80AA4 /* Project object */;
			proxyType = 1;
			remoteGlobalIDString = DD117C011FC012B100D80AA4;
			remoteInfo = test;
		};
/* End PBXContainerItemProxy section */

/* Begin PBXFileReference section */
		DD117C021FC012B100D80AA4 /* test.app */ = {isa = PBXFileReference; explicitFileType = wrapper.application; includeInIndex = 0; path = test.app; sourceTree = BUILT_PRODUCTS_DIR; };
		DD117C051FC012B100D80AA4 /* AppDelegate.h */ = {isa = PBXFileReference; lastKnownFileType = sourcecode.c.h; path = AppDelegate.h; sourceTree = "<group>"; };
		DD117C061FC012B100D80AA4 /* AppDelegate.m */ = {isa = PBXFileReference; lastKnownFileType = sourcecode.c.objc; path = AppDelegate.m; sourceTree = "<group>"; };
		DD117C081FC012B100D80AA4 /* ViewController.h */ = {isa = PBXFileReference; lastKnownFileType = sourcecode.c.h; path = ViewController.h; sourceTree = "<group>"; };
		DD117C091FC012B100D80AA4 /* ViewController.m */ = {isa = PBXFileReference; lastKnownFileType = sourcecode.c.objc; path = ViewController.m; sourceTree = "<group>"; };
		DD117C0C1FC012B100D80AA4 /* Base */ = {isa = PBXFileReference; lastKnownFileType = file.storyboard; name = Base; path = Base.lproj/Main.storyboard; sourceTree = "<group>"; };
		DD117C0E1FC012B100D80AA4 /* Assets.xcassets */ = {isa = PBXFileReference; lastKnownFileType = folder.assetcatalog; path = Assets.xcassets; sourceTree = "<group>"; };
		DD117C111FC012B100D80AA4 /* Base */ = {isa = PBXFileReference; lastKnownFileType = file.storyboard; name = Base; path = Base.lproj/LaunchScreen.storyboard; sourceTree = "<group>"; };
		DD117C131FC012B100D80AA4 /* Info.plist */ = {isa = PBXFileReference; lastKnownFileType = text.plist.xml; path = Info.plist; sourceTree = "<group>"; };
		DD117C141FC012B100D80AA4 /* main.m */ = {isa = PBXFileReference; lastKnownFileType = sourcecode.c.objc; path = main.m; sourceTree = "<group>"; };
		DD117C1A1FC012B100D80AA4 /* testTests.xctest */ = {isa = PBXFileReference; explicitFileType = wrapper.cfbundle; includeInIndex = 0; path = testTests.xctest; sourceTree = BUILT_PRODUCTS_DIR; };
		DD117C1E1FC012B100D80AA4 /* testTests.m */ = {isa = PBXFileReference; lastKnownFileType = sourcecode.c.objc; path = testTests.m; sourceTree = "<group>"; };
		DD117C201FC012B100D80AA4 /* Info.plist */ = {isa = PBXFileReference; lastKnownFileType = text.plist.xml; path = Info.plist; sourceTree = "<group>"; };
		DD117C251FC012B100D80AA4 /* testUITests.xctest */ = {isa = PBXFileReference; explicitFileType = wrapper.cfbundle; includeInIndex = 0; path = testUITests.xctest; sourceTree = BUILT_PRODUCTS_DIR; };
		DD117C291FC012B100D80AA4 /* testUITests.m */ = {isa = PBXFileReference; lastKnownFileType = sourcecode.c.objc; path = testUITests.m; sourceTree = "<group>"; };
		DD117C2B1FC012B200D80AA4 /* Info.plist */ = {isa = PBXFileReference; lastKnownFileType = text.plist.xml; path = Info.plist; sourceTree = "<group>"; };
/* End PBXFileReference section */

/* Begin PBXFrameworksBuildPhase section */
		DD117BFF1FC012B100D80AA4 /* Frameworks */ = {
			isa = PBXFrameworksBuildPhase;
			buildActionMask = 2147483647;
			files = (
			);
			runOnlyForDeploymentPostprocessing = 0;
		};
		DD117C171FC012B100D80AA4 /* Frameworks */ = {
			isa = PBXFrameworksBuildPhase;
			buildActionMask = 2147483647;
			files = (
			);
			runOnlyForDeploymentPostprocessing = 0;
		};
		DD117C221FC012B100D80AA4 /* Frameworks */ = {
			isa = PBXFrameworksBuildPhase;
			buildActionMask = 2147483647;
			files = (
			);
			runOnlyForDeploymentPostprocessing = 0;
		};
/* End PBXFrameworksBuildPhase section */

/* Begin PBXGroup section */
		DD117BF91FC012B100D80AA4 = {
			isa = PBXGroup;
			children = (
				DD117C041FC012B100D80AA4 /* test */,
				DD117C1D1FC012B100D80AA4 /* testTests */,
				DD117C281FC012B100D80AA4 /* testUITests */,
				DD117C031FC012B100D80AA4 /* Products */,
			);
			sourceTree = "<group>";
		};
		DD117C031FC012B100D80AA4 /* Products */ = {
			isa = PBXGroup;
			children = (
				DD117C021FC012B100D80AA4 /* test.app */,
				DD117C1A1FC012B100D80AA4 /* testTests.xctest */,
				DD117C251FC012B100D80AA4 /* testUITests.xctest */,
			);
			name = Products;
			sourceTree = "<group>";
		};
		DD117C041FC012B100D80AA4 /* test */ = {
			isa = PBXGroup;
			children = (
				DD117C051FC012B100D80AA4 /* AppDelegate.h */,
				DD117C061FC012B100D80AA4 /* AppDelegate.m */,
				DD117C081FC012B100D80AA4 /* ViewController.h */,
				DD117C091FC012B100D80AA4 /* ViewController.m */,
				DD117C0B1FC012B100D80AA4 /* Main.storyboard */,
				DD117C0E1FC012B100D80AA4 /* Assets.xcassets */,
				DD117C101FC012B100D80AA4 /* LaunchScreen.storyboard */,
				DD117C131FC012B100D80AA4 /* Info.plist */,
				DD117C141FC012B100D80AA4 /* main.m */,
			);
			path = test;
			sourceTree = "<group>";
		};
		DD117C1D1FC012B100D80AA4 /* testTests */ = {
			isa = PBXGroup;
			children = (
				DD117C1E1FC012B100D80AA4 /* testTests.m */,
				DD117C201FC012B100D80AA4 /* Info.plist */,
			);
			path = testTests;
			sourceTree = "<group>";
		};
		DD117C281FC012B100D80AA4 /* testUITests */ = {
			isa = PBXGroup;
			children = (
				DD117C291FC012B100D80AA4 /* testUITests.m */,
				DD117C2B1FC012B200D80AA4 /* Info.plist */,
			);
			path = testUITests;
			sourceTree = "<group>";
		};
/* End PBXGroup section */

/* Begin PBXNativeTarget section */
		DD117C011FC012B100D80AA4 /* test */ = {
			isa = PBXNativeTarget;
			buildConfigurationList = DD117C2E1FC012B200D80AA4 /* Build configuration list for PBXNativeTarget "test" */;
			buildPhases = (
				DD117BFE1FC012B100D80AA4 /* Sources */,
				DD117BFF1FC012B100D80AA4 /* Frameworks */,
				DD117C001FC012B100D80AA4 /* Resources */,
			);
			buildRules = (
			);
			dependencies = (
			);
			name = test;
			productName = test;
			productReference = DD117C021FC012B100D80AA4 /* test.app */;
			productType = "com.apple.product-type.application";
		};
		DD117C191FC012B100D80AA4 /* testTests */ = {
			isa = PBXNativeTarget;
			buildConfigurationList = DD117C311FC012B200D80AA4 /* Build configuration list for PBXNativeTarget "testTests" */;
			buildPhases = (
				DD117C161FC012B100D80AA4 /* Sources */,
				DD117C171FC012B100D80AA4 /* Frameworks */,
				DD117C181FC012B100D80AA4 /* Resources */,
			);
			buildRules = (
			);
			dependencies = (
				DD117C1C1FC012B100D80AA4 /* PBXTargetDependency */,
			);
			name = testTests;
			productName = testTests;
			productReference = DD117C1A1FC012B100D80AA4 /* testTests.xctest */;
			productType = "com.apple.product-type.bundle.unit-test";
		};
		DD117C241FC012B100D80AA4 /* testUITests */ = {
			isa = PBXNativeTarget;
			buildConfigurationList = DD117C341FC012B200D80AA4 /* Build configuration list for PBXNativeTarget "testUITests" */;
			buildPhases = (
				DD117C211FC012B100D80AA4 /* Sources */,
				DD117C221FC012B100D80AA4 /* Frameworks */,
				DD117C231FC012B100D80AA4 /* Resources */,
			);
			buildRules = (
			);
			dependencies = (
				DD117C271FC012B100D80AA4 /* PBXTargetDependency */,
			);
			name = testUITests;
			productName = testUITests;
			productReference = DD117C251FC012B100D80AA4 /* testUITests.xctest */;
			productType = "com.apple.product-type.bundle.ui-testing";
		};
/* End PBXNativeTarget section */

/* Begin PBXProject section */
		DD117BFA1FC012B100D80AA4 /* Project object */ = {
			isa = PBXProject;
			attributes = {
				LastUpgradeCheck = 0910;
				ORGANIZATIONNAME = app;
				TargetAttributes = {
					DD117C011FC012B100D80AA4 = {
						CreatedOnToolsVersion = 9.1;
						ProvisioningStyle = Automatic;
					};
					DD117C191FC012B100D80AA4 = {
						CreatedOnToolsVersion = 9.1;
						ProvisioningStyle = Automatic;
						TestTargetID = DD117C011FC012B100D80AA4;
					};
					DD117C241FC012B100D80AA4 = {
						CreatedOnToolsVersion = 9.1;
						ProvisioningStyle = Automatic;
						TestTargetID = DD117C011FC012B100D80AA4;
					};
				};
			};
			buildConfigurationList = DD117BFD1FC012B100D80AA4 /* Build configuration list for PBXProject "test" */;
			compatibilityVersion = "Xcode 8.0";
			developmentRegion = en;
			hasScannedForEncodings = 0;
			knownRegions = (
				en,
				Base,
			);
			mainGroup = DD117BF91FC012B100D80AA4;
			productRefGroup = DD117C031FC012B100D80AA4 /* Products */;
			projectDirPath = "";
			projectRoot = "";
			targets = (
				DD117C011FC012B100D80AA4 /* test */,
				DD117C191FC012B100D80AA4 /* testTests */,
				DD117C241FC012B100D80AA4 /* testUITests */,
			);
		};
/* End PBXProject section */

/* Begin PBXResourcesBuildPhase section */
		DD117C001FC012B100D80AA4 /* Resources */ = {
			isa = PBXResourcesBuildPhase;
			buildActionMask = 2147483647;
			files = (
				DD117C121FC012B100D80AA4 /* LaunchScreen.storyboard in Resources */,
				DD117C0F1FC012B100D80AA4 /* Assets.xcassets in Resources */,
				DD117C0D1FC012B100D80AA4 /* Main.storyboard in Resources */,
			);
			runOnlyForDeploymentPostprocessing = 0;
		};
		DD117C181FC012B100D80AA4 /* Resources */ = {
			isa = PBXResourcesBuildPhase;
			buildActionMask = 2147483647;
			files = (
			);
			runOnlyForDeploymentPostprocessing = 0;
		};
		DD117C231FC012B100D80AA4 /* Resources */ = {
			isa = PBXResourcesBuildPhase;
			buildActionMask = 2147483647;
			files = (
			);
			runOnlyForDeploymentPostprocessing = 0;
		};
/* End PBXResourcesBuildPhase section */

/* Begin PBXSourcesBuildPhase section */
		DD117BFE1FC012B100D80AA4 /* Sources */ = {
			isa = PBXSourcesBuildPhase;
			buildActionMask = 2147483647;
			files = (
				DD117C0A1FC012B100D80AA4 /* ViewController.m in Sources */,
				DD117C151FC012B100D80AA4 /* main.m in Sources */,
				DD117C071FC012B100D80AA4 /* AppDelegate.m in Sources */,
			);
			runOnlyForDeploymentPostprocessing = 0;
		};
		DD117C161FC012B100D80AA4 /* Sources */ = {
			isa = PBXSourcesBuildPhase;
			buildActionMask = 2147483647;
			files = (
				DD117C1F1FC012B100D80AA4 /* testTests.m in Sources */,
			);
			runOnlyForDeploymentPostprocessing = 0;
		};
		DD117C211FC012B100D80AA4 /* Sources */ = {
			isa = PBXSourcesBuildPhase;
			buildActionMask = 2147483647;
			files = (
				DD117C2A1FC012B200D80AA4 /* testUITests.m in Sources */,
			);
			runOnlyForDeploymentPostprocessing = 0;
		};
/* End PBXSourcesBuildPhase section */

/* Begin PBXTargetDependency section */
		DD117C1C1FC012B100D80AA4 /* PBXTargetDependency */ = {
			isa = PBXTargetDependency;
			target = DD117C011FC012B100D80AA4 /* test */;
			targetProxy = DD117C1B1FC012B100D80AA4 /* PBXContainerItemProxy */;
		};
		DD117C271FC012B100D80AA4 /* PBXTargetDependency */ = {
			isa = PBXTargetDependency;
			target = DD117C011FC012B100D80AA4 /* test */;
			targetProxy = DD117C261FC012B100D80AA4 /* PBXContainerItemProxy */;
		};
/* End PBXTargetDependency section */

/* Begin PBXVariantGroup section */
		DD117C0B1FC012B100D80AA4 /* Main.storyboard */ = {
			isa = PBXVariantGroup;
			children = (
				DD117C0C1FC012B100D80AA4 /* Base */,
			);
			name = Main.storyboard;
			sourceTree = "<group>";
		};
		DD117C101FC012B100D80AA4 /* LaunchScreen.storyboard */ = {
			isa = PBXVariantGroup;
			children = (
				DD117C111FC012B100D80AA4 /* Base */,
			);
			name = LaunchScreen.storyboard;
			sourceTree = "<group>";
		};
/* End PBXVariantGroup section */

/* Begin XCBuildConfiguration section */
		DD117C2C1FC012B200D80AA4 /* Debug */ = {
			isa = XCBuildConfiguration;
			buildSettings = {
				ALWAYS_SEARCH_USER_PATHS = NO;
				CLANG_ANALYZER_NONNULL = YES;
				CLANG_ANALYZER_NUMBER_OBJECT_CONVERSION = YES_AGGRESSIVE;
				CLANG_CXX_LANGUAGE_STANDARD = "gnu++14";
				CLANG_CXX_LIBRARY = "libc++";
				CLANG_ENABLE_MODULES = YES;
				CLANG_ENABLE_OBJC_ARC = YES;
				CLANG_WARN_BLOCK_CAPTURE_AUTORELEASING = YES;
				CLANG_WARN_BOOL_CONVERSION = YES;
				CLANG_WARN_COMMA = YES;
				CLANG_WARN_CONSTANT_CONVERSION = YES;
				CLANG_WARN_DIRECT_OBJC_ISA_USAGE = YES_ERROR;
				CLANG_WARN_DOCUMENTATION_COMMENTS = YES;
				CLANG_WARN_EMPTY_BODY = YES;
				CLANG_WARN_ENUM_CONVERSION = YES;
				CLANG_WARN_INFINITE_RECURSION = YES;
				CLANG_WARN_INT_CONVERSION = YES;
				CLANG_WARN_NON_LITERAL_NULL_CONVERSION = YES;
				CLANG_WARN_OBJC_LITERAL_CONVERSION = YES;
				CLANG_WARN_OBJC_ROOT_CLASS = YES_ERROR;
				CLANG_WARN_RANGE_LOOP_ANALYSIS = YES;
				CLANG_WARN_STRICT_PROTOTYPES = YES;
				CLANG_WARN_SUSPICIOUS_MOVE = YES;
				CLANG_WARN_UNGUARDED_AVAILABILITY = YES_AGGRESSIVE;
				CLANG_WARN_UNREACHABLE_CODE = YES;
				CLANG_WARN__DUPLICATE_METHOD_MATCH = YES;
				CODE_SIGN_IDENTITY = "iPhone Developer";
				COPY_PHASE_STRIP = NO;
				DEBUG_INFORMATION_FORMAT = dwarf;
				ENABLE_STRICT_OBJC_MSGSEND = YES;
				ENABLE_TESTABILITY = YES;
				GCC_C_LANGUAGE_STANDARD = gnu11;
				GCC_DYNAMIC_NO_PIC = NO;
				GCC_NO_COMMON_BLOCKS = YES;
				GCC_OPTIMIZATION_LEVEL = 0;
				GCC_PREPROCESSOR_DEFINITIONS = (
					"DEBUG=1",
					"$(inherited)",
				);
				GCC_WARN_64_TO_32_BIT_CONVERSION = YES;
				GCC_WARN_ABOUT_RETURN_TYPE = YES_ERROR;
				GCC_WARN_UNDECLARED_SELECTOR = YES;
				GCC_WARN_UNINITIALIZED_AUTOS = YES_AGGRESSIVE;
				GCC_WARN_UNUSED_FUNCTION = YES;
				GCC_WARN_UNUSED_VARIABLE = YES;
				IPHONEOS_DEPLOYMENT_TARGET = 11.1;
				MTL_ENABLE_DEBUG_INFO = YES;
				ONLY_ACTIVE_ARCH = YES;
				SDKROOT = iphoneos;
			};
			name = Debug;
		};
		DD117C2D1FC012B200D80AA4 /* Release */ = {
			isa = XCBuildConfiguration;
			buildSettings = {
				ALWAYS_SEARCH_USER_PATHS = NO;
				CLANG_ANALYZER_NONNULL = YES;
				CLANG_ANALYZER_NUMBER_OBJECT_CONVERSION = YES_AGGRESSIVE;
				CLANG_CXX_LANGUAGE_STANDARD = "gnu++14";
				CLANG_CXX_LIBRARY = "libc++";
				CLANG_ENABLE_MODULES = YES;
				CLANG_ENABLE_OBJC_ARC = YES;
				CLANG_WARN_BLOCK_CAPTURE_AUTORELEASING = YES;
				CLANG_WARN_BOOL_CONVERSION = YES;
				CLANG_WARN_COMMA = YES;
				CLANG_WARN_CONSTANT_CONVERSION = YES;
				CLANG_WARN_DIRECT_OBJC_ISA_USAGE = YES_ERROR;
				CLANG_WARN_DOCUMENTATION_COMMENTS = YES;
				CLANG_WARN_EMPTY_BODY = YES;
				CLANG_WARN_ENUM_CONVERSION = YES;
				CLANG_WARN_INFINITE_RECURSION = YES;
				CLANG_WARN_INT_CONVERSION = YES;
				CLANG_WARN_NON_LITERAL_NULL_CONVERSION = YES;
				CLANG_WARN_OBJC_LITERAL_CONVERSION = YES;
				CLANG_WARN_OBJC_ROOT_CLASS = YES_ERROR;
				CLANG_WARN_RANGE_LOOP_ANALYSIS = YES;
				CLANG_WARN_STRICT_PROTOTYPES = YES;
				CLANG_WARN_SUSPICIOUS_MOVE = YES;
				CLANG_WARN_UNGUARDED_AVAILABILITY = YES_AGGRESSIVE;
				CLANG_WARN_UNREACHABLE_CODE = YES;
				CLANG_WARN__DUPLICATE_METHOD_MATCH = YES;
				CODE_SIGN_IDENTITY = "iPhone Developer";
				COPY_PHASE_STRIP = NO;
				DEBUG_INFORMATION_FORMAT = "dwarf-with-dsym";
				ENABLE_NS_ASSERTIONS = NO;
				ENABLE_STRICT_OBJC_MSGSEND = YES;
				GCC_C_LANGUAGE_STANDARD = gnu11;
				GCC_NO_COMMON_BLOCKS = YES;
				GCC_WARN_64_TO_32_BIT_CONVERSION = YES;
				GCC_WARN_ABOUT_RETURN_TYPE = YES_ERROR;
				GCC_WARN_UNDECLARED_SELECTOR = YES;
				GCC_WARN_UNINITIALIZED_AUTOS = YES_AGGRESSIVE;
				GCC_WARN_UNUSED_FUNCTION = YES;
				GCC_WARN_UNUSED_VARIABLE = YES;
				IPHONEOS_DEPLOYMENT_TARGET = 11.1;
				MTL_ENABLE_DEBUG_INFO = NO;
				SDKROOT = iphoneos;
				VALIDATE_PRODUCT = YES;
			};
			name = Release;
		};
		DD117C2F1FC012B200D80AA4 /* Debug */ = {
			isa = XCBuildConfiguration;
			buildSettings = {
				ASSETCATALOG_COMPILER_APPICON_NAME = AppIcon;
				CODE_SIGN_STYLE = Automatic;
				INFOPLIST_FILE = test/Info.plist;
				LD_RUNPATH_SEARCH_PATHS = "$(inherited) @executable_path/Frameworks";
				PRODUCT_BUNDLE_IDENTIFIER = "-23.test";
				PRODUCT_NAME = "$(TARGET_NAME)";
				TARGETED_DEVICE_FAMILY = "1,2";
			};
			name = Debug;
		};
		DD117C301FC012B200D80AA4 /* Release */ = {
			isa = XCBuildConfiguration;
			buildSettings = {
				ASSETCATALOG_COMPILER_APPICON_NAME = AppIcon;
				CODE_SIGN_STYLE = Automatic;
				INFOPLIST_FILE = test/Info.plist;
				LD_RUNPATH_SEARCH_PATHS = "$(inherited) @executable_path/Frameworks";
				PRODUCT_BUNDLE_IDENTIFIER = "-23.test";
				PRODUCT_NAME = "$(TARGET_NAME)";
				TARGETED_DEVICE_FAMILY = "1,2";
			};
			name = Release;
		};
		DD117C321FC012B200D80AA4 /* Debug */ = {
			isa = XCBuildConfiguration;
			buildSettings = {
				BUNDLE_LOADER = "$(TEST_HOST)";
				CODE_SIGN_STYLE = Automatic;
				INFOPLIST_FILE = testTests/Info.plist;
				LD_RUNPATH_SEARCH_PATHS = "$(inherited) @executable_path/Frameworks @loader_path/Frameworks";
				PRODUCT_BUNDLE_IDENTIFIER = "-23.testTests";
				PRODUCT_NAME = "$(TARGET_NAME)";
				TARGETED_DEVICE_FAMILY = "1,2";
				TEST_HOST = "$(BUILT_PRODUCTS_DIR)/test.app/test";
			};
			name = Debug;
		};
		DD117C331FC012B200D80AA4 /* Release */ = {
			isa = XCBuildConfiguration;
			buildSettings = {
				BUNDLE_LOADER = "$(TEST_HOST)";
				CODE_SIGN_STYLE = Automatic;
				INFOPLIST_FILE = testTests/Info.plist;
				LD_RUNPATH_SEARCH_PATHS = "$(inherited) @executable_path/Frameworks @loader_path/Frameworks";
				PRODUCT_BUNDLE_IDENTIFIER = "-23.testTests";
				PRODUCT_NAME = "$(TARGET_NAME)";
				TARGETED_DEVICE_FAMILY = "1,2";
				TEST_HOST = "$(BUILT_PRODUCTS_DIR)/test.app/test";
			};
			name = Release;
		};
		DD117C351FC012B200D80AA4 /* Debug */ = {
			isa = XCBuildConfiguration;
			buildSettings = {
				CODE_SIGN_STYLE = Automatic;
				INFOPLIST_FILE = testUITests/Info.plist;
				LD_RUNPATH_SEARCH_PATHS = "$(inherited) @executable_path/Frameworks @loader_path/Frameworks";
				PRODUCT_BUNDLE_IDENTIFIER = "-23.testUITests";
				PRODUCT_NAME = "$(TARGET_NAME)";
				TARGETED_DEVICE_FAMILY = "1,2";
				TEST_TARGET_NAME = test;
			};
			name = Debug;
		};
		DD117C361FC012B200D80AA4 /* Release */ = {
			isa = XCBuildConfiguration;
			buildSettings = {
				CODE_SIGN_STYLE = Automatic;
				INFOPLIST_FILE = testUITests/Info.plist;
				LD_RUNPATH_SEARCH_PATHS = "$(inherited) @executable_path/Frameworks @loader_path/Frameworks";
				PRODUCT_BUNDLE_IDENTIFIER = "-23.testUITests";
				PRODUCT_NAME = "$(TARGET_NAME)";
				TARGETED_DEVICE_FAMILY = "1,2";
				TEST_TARGET_NAME = test;
			};
			name = Release;
		};
/* End XCBuildConfiguration section */

/* Begin XCConfigurationList section */
		DD117BFD1FC012B100D80AA4 /* Build configuration list for PBXProject "test" */ = {
			isa = XCConfigurationList;
			buildConfigurations = (
				DD117C2C1FC012B200D80AA4 /* Debug */,
				DD117C2D1FC012B200D80AA4 /* Release */,
			);
			defaultConfigurationIsVisible = 0;
			defaultConfigurationName = Release;
		};
		DD117C2E1FC012B200D80AA4 /* Build configuration list for PBXNativeTarget "test" */ = {
			isa = XCConfigurationList;
			buildConfigurations = (
				DD117C2F1FC012B200D80AA4 /* Debug */,
				DD117C301FC012B200D80AA4 /* Release */,
			);
			defaultConfigurationIsVisible = 0;
			defaultConfigurationName = Release;
		};
		DD117C311FC012B200D80AA4 /* Build configuration list for PBXNativeTarget "testTests" */ = {
			isa = XCConfigurationList;
			buildConfigurations = (
				DD117C321FC012B200D80AA4 /* Debug */,
				DD117C331FC012B200D80AA4 /* Release */,
			);
			defaultConfigurationIsVisible = 0;
			defaultConfigurationName = Release;
		};
		DD117C341FC012B200D80AA4 /* Build configuration list for PBXNativeTarget "testUITests" */ = {
			isa = XCConfigurationList;
			buildConfigurations = (
				DD117C351FC012B200D80AA4 /* Debug */,
				DD117C361FC012B200D80AA4 /* Release */,
			);
			defaultConfigurationIsVisible = 0;
			defaultConfigurationName = Release;
		};
/* End XCConfigurationList section */
	};
	rootObject = DD117BFA1FC012B100D80AA4 /* Project object */;
}
